// !$*UTF8*$!
{
	archiveVersion = 1;
	classes = {
	};
	objectVersion = 55;
	objects = {

/* Begin PBXBuildFile section */
		D559FF95278086D300C8A1EB /* EisuCmdApp.swift in Sources */ = {isa = PBXBuildFile; fileRef = D559FF94278086D300C8A1EB /* EisuCmdApp.swift */; };
		D559FF97278086D300C8A1EB /* ContentView.swift in Sources */ = {isa = PBXBuildFile; fileRef = D559FF96278086D300C8A1EB /* ContentView.swift */; };
		D559FF99278086D800C8A1EB /* Assets.xcassets in Resources */ = {isa = PBXBuildFile; fileRef = D559FF98278086D800C8A1EB /* Assets.xcassets */; };
		D559FF9C278086D800C8A1EB /* Preview Assets.xcassets in Resources */ = {isa = PBXBuildFile; fileRef = D559FF9B278086D800C8A1EB /* Preview Assets.xcassets */; };
		D559FFA4278087FE00C8A1EB /* AppDelegate.swift in Sources */ = {isa = PBXBuildFile; fileRef = D559FFA3278087FE00C8A1EB /* AppDelegate.swift */; };
		D559FFA62780886B00C8A1EB /* KeyEventTap.swift in Sources */ = {isa = PBXBuildFile; fileRef = D559FFA52780886B00C8A1EB /* KeyEventTap.swift */; };
/* End PBXBuildFile section */

/* Begin PBXFileReference section */
		D559FF91278086D300C8A1EB /* 英数⌘.app */ = {isa = PBXFileReference; explicitFileType = wrapper.application; includeInIndex = 0; path = "英数⌘.app"; sourceTree = BUILT_PRODUCTS_DIR; };
		D559FF94278086D300C8A1EB /* EisuCmdApp.swift */ = {isa = PBXFileReference; lastKnownFileType = sourcecode.swift; path = EisuCmdApp.swift; sourceTree = "<group>"; };
		D559FF96278086D300C8A1EB /* ContentView.swift */ = {isa = PBXFileReference; lastKnownFileType = sourcecode.swift; path = ContentView.swift; sourceTree = "<group>"; };
		D559FF98278086D800C8A1EB /* Assets.xcassets */ = {isa = PBXFileReference; lastKnownFileType = folder.assetcatalog; path = Assets.xcassets; sourceTree = "<group>"; };
		D559FF9B278086D800C8A1EB /* Preview Assets.xcassets */ = {isa = PBXFileReference; lastKnownFileType = folder.assetcatalog; path = "Preview Assets.xcassets"; sourceTree = "<group>"; };
		D559FF9D278086D800C8A1EB /* EisuCmd.entitlements */ = {isa = PBXFileReference; lastKnownFileType = text.plist.entitlements; path = EisuCmd.entitlements; sourceTree = "<group>"; };
		D559FFA3278087FE00C8A1EB /* AppDelegate.swift */ = {isa = PBXFileReference; lastKnownFileType = sourcecode.swift; path = AppDelegate.swift; sourceTree = "<group>"; };
		D559FFA52780886B00C8A1EB /* KeyEventTap.swift */ = {isa = PBXFileReference; fileEncoding = 4; lastKnownFileType = sourcecode.swift; path = KeyEventTap.swift; sourceTree = "<group>"; };
		D559FFA7278088B400C8A1EB /* Info.plist */ = {isa = PBXFileReference; lastKnownFileType = text.plist; path = Info.plist; sourceTree = "<group>"; };
/* End PBXFileReference section */

/* Begin PBXFrameworksBuildPhase section */
		D559FF8E278086D300C8A1EB /* Frameworks */ = {
			isa = PBXFrameworksBuildPhase;
			buildActionMask = 2147483647;
			files = (
			);
			runOnlyForDeploymentPostprocessing = 0;
		};
/* End PBXFrameworksBuildPhase section */

/* Begin PBXGroup section */
		D559FF88278086D300C8A1EB = {
			isa = PBXGroup;
			children = (
				D559FF93278086D300C8A1EB /* EisuCmd */,
				D559FF92278086D300C8A1EB /* Products */,
			);
			sourceTree = "<group>";
		};
		D559FF92278086D300C8A1EB /* Products */ = {
			isa = PBXGroup;
			children = (
				D559FF91278086D300C8A1EB /* 英数⌘.app */,
			);
			name = Products;
			sourceTree = "<group>";
		};
		D559FF93278086D300C8A1EB /* EisuCmd */ = {
			isa = PBXGroup;
			children = (
				D559FFA7278088B400C8A1EB /* Info.plist */,
				D559FF94278086D300C8A1EB /* EisuCmdApp.swift */,
				D559FFA3278087FE00C8A1EB /* AppDelegate.swift */,
				D559FFA52780886B00C8A1EB /* KeyEventTap.swift */,
				D559FF96278086D300C8A1EB /* ContentView.swift */,
				D559FF98278086D800C8A1EB /* Assets.xcassets */,
				D559FF9D278086D800C8A1EB /* EisuCmd.entitlements */,
				D559FF9A278086D800C8A1EB /* Preview Content */,
			);
			path = EisuCmd;
			sourceTree = "<group>";
		};
		D559FF9A278086D800C8A1EB /* Preview Content */ = {
			isa = PBXGroup;
			children = (
				D559FF9B278086D800C8A1EB /* Preview Assets.xcassets */,
			);
			path = "Preview Content";
			sourceTree = "<group>";
		};
/* End PBXGroup section */

/* Begin PBXNativeTarget section */
		D559FF90278086D300C8A1EB /* 英数⌘ */ = {
			isa = PBXNativeTarget;
			buildConfigurationList = D559FFA0278086D800C8A1EB /* Build configuration list for PBXNativeTarget "英数⌘" */;
			buildPhases = (
				D559FF8D278086D300C8A1EB /* Sources */,
				D559FF8E278086D300C8A1EB /* Frameworks */,
				D559FF8F278086D300C8A1EB /* Resources */,
			);
			buildRules = (
			);
			dependencies = (
			);
			name = "英数⌘";
			productName = EisuCmd;
			productReference = D559FF91278086D300C8A1EB /* 英数⌘.app */;
			productType = "com.apple.product-type.application";
		};
/* End PBXNativeTarget section */

/* Begin PBXProject section */
		D559FF89278086D300C8A1EB /* Project object */ = {
			isa = PBXProject;
			attributes = {
				BuildIndependentTargetsInParallel = 1;
				LastSwiftUpdateCheck = 1320;
				LastUpgradeCheck = 1320;
				TargetAttributes = {
					D559FF90278086D300C8A1EB = {
						CreatedOnToolsVersion = 13.2.1;
					};
				};
			};
			buildConfigurationList = D559FF8C278086D300C8A1EB /* Build configuration list for PBXProject "EisuCmd" */;
			compatibilityVersion = "Xcode 13.0";
			developmentRegion = en;
			hasScannedForEncodings = 0;
			knownRegions = (
				en,
				Base,
			);
			mainGroup = D559FF88278086D300C8A1EB;
			productRefGroup = D559FF92278086D300C8A1EB /* Products */;
			projectDirPath = "";
			projectRoot = "";
			targets = (
				D559FF90278086D300C8A1EB /* 英数⌘ */,
			);
		};
/* End PBXProject section */

/* Begin PBXResourcesBuildPhase section */
		D559FF8F278086D300C8A1EB /* Resources */ = {
			isa = PBXResourcesBuildPhase;
			buildActionMask = 2147483647;
			files = (
				D559FF9C278086D800C8A1EB /* Preview Assets.xcassets in Resources */,
				D559FF99278086D800C8A1EB /* Assets.xcassets in Resources */,
			);
			runOnlyForDeploymentPostprocessing = 0;
		};
/* End PBXResourcesBuildPhase section */

/* Begin PBXSourcesBuildPhase section */
		D559FF8D278086D300C8A1EB /* Sources */ = {
			isa = PBXSourcesBuildPhase;
			buildActionMask = 2147483647;
			files = (
				D559FFA62780886B00C8A1EB /* KeyEventTap.swift in Sources */,
				D559FFA4278087FE00C8A1EB /* AppDelegate.swift in Sources */,
				D559FF97278086D300C8A1EB /* ContentView.swift in Sources */,
				D559FF95278086D300C8A1EB /* EisuCmdApp.swift in Sources */,
			);
			runOnlyForDeploymentPostprocessing = 0;
		};
/* End PBXSourcesBuildPhase section */

/* Begin XCBuildConfiguration section */
		D559FF9E278086D800C8A1EB /* Debug */ = {
			isa = XCBuildConfiguration;
			buildSettings = {
				ALWAYS_SEARCH_USER_PATHS = NO;
				CLANG_ANALYZER_NONNULL = YES;
				CLANG_ANALYZER_NUMBER_OBJECT_CONVERSION = YES_AGGRESSIVE;
				CLANG_CXX_LANGUAGE_STANDARD = "gnu++17";
				CLANG_CXX_LIBRARY = "libc++";
				CLANG_ENABLE_MODULES = YES;
				CLANG_ENABLE_OBJC_ARC = YES;
				CLANG_ENABLE_OBJC_WEAK = YES;
				CLANG_WARN_BLOCK_CAPTURE_AUTORELEASING = YES;
				CLANG_WARN_BOOL_CONVERSION = YES;
				CLANG_WARN_COMMA = YES;
				CLANG_WARN_CONSTANT_CONVERSION = YES;
				CLANG_WARN_DEPRECATED_OBJC_IMPLEMENTATIONS = YES;
				CLANG_WARN_DIRECT_OBJC_ISA_USAGE = YES_ERROR;
				CLANG_WARN_DOCUMENTATION_COMMENTS = YES;
				CLANG_WARN_EMPTY_BODY = YES;
				CLANG_WARN_ENUM_CONVERSION = YES;
				CLANG_WARN_INFINITE_RECURSION = YES;
				CLANG_WARN_INT_CONVERSION = YES;
				CLANG_WARN_NON_LITERAL_NULL_CONVERSION = YES;
				CLANG_WARN_OBJC_IMPLICIT_RETAIN_SELF = YES;
				CLANG_WARN_OBJC_LITERAL_CONVERSION = YES;
				CLANG_WARN_OBJC_ROOT_CLASS = YES_ERROR;
				CLANG_WARN_QUOTED_INCLUDE_IN_FRAMEWORK_HEADER = YES;
				CLANG_WARN_RANGE_LOOP_ANALYSIS = YES;
				CLANG_WARN_STRICT_PROTOTYPES = YES;
				CLANG_WARN_SUSPICIOUS_MOVE = YES;
				CLANG_WARN_UNGUARDED_AVAILABILITY = YES_AGGRESSIVE;
				CLANG_WARN_UNREACHABLE_CODE = YES;
				CLANG_WARN__DUPLICATE_METHOD_MATCH = YES;
				COPY_PHASE_STRIP = NO;
				DEBUG_INFORMATION_FORMAT = dwarf;
				ENABLE_STRICT_OBJC_MSGSEND = YES;
				ENABLE_TESTABILITY = YES;
				GCC_C_LANGUAGE_STANDARD = gnu11;
				GCC_DYNAMIC_NO_PIC = NO;
				GCC_NO_COMMON_BLOCKS = YES;
				GCC_OPTIMIZATION_LEVEL = 0;
				GCC_PREPROCESSOR_DEFINITIONS = (
					"DEBUG=1",
					"$(inherited)",
				);
				GCC_WARN_64_TO_32_BIT_CONVERSION = YES;
				GCC_WARN_ABOUT_RETURN_TYPE = YES_ERROR;
				GCC_WARN_UNDECLARED_SELECTOR = YES;
				GCC_WARN_UNINITIALIZED_AUTOS = YES_AGGRESSIVE;
				GCC_WARN_UNUSED_FUNCTION = YES;
				GCC_WARN_UNUSED_VARIABLE = YES;
				MACOSX_DEPLOYMENT_TARGET = 11.6;
				MTL_ENABLE_DEBUG_INFO = INCLUDE_SOURCE;
				MTL_FAST_MATH = YES;
				ONLY_ACTIVE_ARCH = YES;
				SDKROOT = macosx;
				SWIFT_ACTIVE_COMPILATION_CONDITIONS = DEBUG;
				SWIFT_OPTIMIZATION_LEVEL = "-Onone";
			};
			name = Debug;
		};
		D559FF9F278086D800C8A1EB /* Release */ = {
			isa = XCBuildConfiguration;
			buildSettings = {
				ALWAYS_SEARCH_USER_PATHS = NO;
				CLANG_ANALYZER_NONNULL = YES;
				CLANG_ANALYZER_NUMBER_OBJECT_CONVERSION = YES_AGGRESSIVE;
				CLANG_CXX_LANGUAGE_STANDARD = "gnu++17";
				CLANG_CXX_LIBRARY = "libc++";
				CLANG_ENABLE_MODULES = YES;
				CLANG_ENABLE_OBJC_ARC = YES;
				CLANG_ENABLE_OBJC_WEAK = YES;
				CLANG_WARN_BLOCK_CAPTURE_AUTORELEASING = YES;
				CLANG_WARN_BOOL_CONVERSION = YES;
				CLANG_WARN_COMMA = YES;
				CLANG_WARN_CONSTANT_CONVERSION = YES;
				CLANG_WARN_DEPRECATED_OBJC_IMPLEMENTATIONS = YES;
				CLANG_WARN_DIRECT_OBJC_ISA_USAGE = YES_ERROR;
				CLANG_WARN_DOCUMENTATION_COMMENTS = YES;
				CLANG_WARN_EMPTY_BODY = YES;
				CLANG_WARN_ENUM_CONVERSION = YES;
				CLANG_WARN_INFINITE_RECURSION = YES;
				CLANG_WARN_INT_CONVERSION = YES;
				CLANG_WARN_NON_LITERAL_NULL_CONVERSION = YES;
				CLANG_WARN_OBJC_IMPLICIT_RETAIN_SELF = YES;
				CLANG_WARN_OBJC_LITERAL_CONVERSION = YES;
				CLANG_WARN_OBJC_ROOT_CLASS = YES_ERROR;
				CLANG_WARN_QUOTED_INCLUDE_IN_FRAMEWORK_HEADER = YES;
				CLANG_WARN_RANGE_LOOP_ANALYSIS = YES;
				CLANG_WARN_STRICT_PROTOTYPES = YES;
				CLANG_WARN_SUSPICIOUS_MOVE = YES;
				CLANG_WARN_UNGUARDED_AVAILABILITY = YES_AGGRESSIVE;
				CLANG_WARN_UNREACHABLE_CODE = YES;
				CLANG_WARN__DUPLICATE_METHOD_MATCH = YES;
				COPY_PHASE_STRIP = NO;
				DEBUG_INFORMATION_FORMAT = "dwarf-with-dsym";
				ENABLE_NS_ASSERTIONS = NO;
				ENABLE_STRICT_OBJC_MSGSEND = YES;
				GCC_C_LANGUAGE_STANDARD = gnu11;
				GCC_NO_COMMON_BLOCKS = YES;
				GCC_WARN_64_TO_32_BIT_CONVERSION = YES;
				GCC_WARN_ABOUT_RETURN_TYPE = YES_ERROR;
				GCC_WARN_UNDECLARED_SELECTOR = YES;
				GCC_WARN_UNINITIALIZED_AUTOS = YES_AGGRESSIVE;
				GCC_WARN_UNUSED_FUNCTION = YES;
				GCC_WARN_UNUSED_VARIABLE = YES;
				MACOSX_DEPLOYMENT_TARGET = 11.6;
				MTL_ENABLE_DEBUG_INFO = NO;
				MTL_FAST_MATH = YES;
				SDKROOT = macosx;
				SWIFT_COMPILATION_MODE = wholemodule;
				SWIFT_OPTIMIZATION_LEVEL = "-O";
			};
			name = Release;
		};
		D559FFA1278086D800C8A1EB /* Debug */ = {
			isa = XCBuildConfiguration;
			buildSettings = {
				ASSETCATALOG_COMPILER_APPICON_NAME = AppIcon;
				ASSETCATALOG_COMPILER_GLOBAL_ACCENT_COLOR_NAME = AccentColor;
				CODE_SIGN_ENTITLEMENTS = EisuCmd/EisuCmd.entitlements;
				CODE_SIGN_STYLE = Automatic;
				COMBINE_HIDPI_IMAGES = YES;
				CURRENT_PROJECT_VERSION = 1;
				DEVELOPMENT_ASSET_PATHS = "\"EisuCmd/Preview Content\"";
				ENABLE_PREVIEWS = YES;
				GENERATE_INFOPLIST_FILE = YES;
				INFOPLIST_FILE = EisuCmd/Info.plist;
				INFOPLIST_KEY_NSHumanReadableCopyright = "";
				LD_RUNPATH_SEARCH_PATHS = (
					"$(inherited)",
					"@executable_path/../Frameworks",
				);
				MARKETING_VERSION = 1.0;
				PRODUCT_BUNDLE_IDENTIFIER = io.github.pekeq.EisuCmd;
				PRODUCT_NAME = "$(TARGET_NAME)";
				SWIFT_EMIT_LOC_STRINGS = YES;
				SWIFT_VERSION = 5.0;
			};
			name = Debug;
		};
		D559FFA2278086D800C8A1EB /* Release */ = {
			isa = XCBuildConfiguration;
			buildSettings = {
				ASSETCATALOG_COMPILER_APPICON_NAME = AppIcon;
				ASSETCATALOG_COMPILER_GLOBAL_ACCENT_COLOR_NAME = AccentColor;
				CODE_SIGN_ENTITLEMENTS = EisuCmd/EisuCmd.entitlements;
				CODE_SIGN_STYLE = Automatic;
				COMBINE_HIDPI_IMAGES = YES;
				CURRENT_PROJECT_VERSION = 1;
				DEVELOPMENT_ASSET_PATHS = "\"EisuCmd/Preview Content\"";
				ENABLE_PREVIEWS = YES;
				GENERATE_INFOPLIST_FILE = YES;
				INFOPLIST_FILE = EisuCmd/Info.plist;
				INFOPLIST_KEY_NSHumanReadableCopyright = "";
				LD_RUNPATH_SEARCH_PATHS = (
					"$(inherited)",
					"@executable_path/../Frameworks",
				);
				MARKETING_VERSION = 1.0;
				PRODUCT_BUNDLE_IDENTIFIER = io.github.pekeq.EisuCmd;
				PRODUCT_NAME = "$(TARGET_NAME)";
				SWIFT_EMIT_LOC_STRINGS = YES;
				SWIFT_VERSION = 5.0;
			};
			name = Release;
		};
/* End XCBuildConfiguration section */

/* Begin XCConfigurationList section */
		D559FF8C278086D300C8A1EB /* Build configuration list for PBXProject "EisuCmd" */ = {
			isa = XCConfigurationList;
			buildConfigurations = (
				D559FF9E278086D800C8A1EB /* Debug */,
				D559FF9F278086D800C8A1EB /* Release */,
			);
			defaultConfigurationIsVisible = 0;
			defaultConfigurationName = Release;
		};
		D559FFA0278086D800C8A1EB /* Build configuration list for PBXNativeTarget "英数⌘" */ = {
			isa = XCConfigurationList;
			buildConfigurations = (
				D559FFA1278086D800C8A1EB /* Debug */,
				D559FFA2278086D800C8A1EB /* Release */,
			);
			defaultConfigurationIsVisible = 0;
			defaultConfigurationName = Release;
		};
/* End XCConfigurationList section */
	};
	rootObject = D559FF89278086D300C8A1EB /* Project object */;
}
